
Microsoft Visual Studio Solution File, Format Version 12.00
# Visual Studio Version 16
VisualStudioVersion = 16.0.29613.14
MinimumVisualStudioVersion = 10.0.40219.1
Project("{9A19103F-16F7-4668-BE54-9A1E7A4F7556}") = "TestClient", "TestClient.csproj", "{9D3E5FEF-56AA-450D-BF1E-FAA659994718}"
EndProject
Project("{9A19103F-16F7-4668-BE54-9A1E7A4F7556}") = "Transports", "..\Transports\Transports.csproj", "{C4E6CECD-5FE1-4063-9C06-EA973E2EAAD3}"
EndProject
Project("{9A19103F-16F7-4668-BE54-9A1E7A4F7556}") = "RabbitTransport", "..\RabbitTransport\RabbitTransport.csproj", "{F8B7B21A-CAD6-421C-B55A-ECF4B9035A85}"
EndProject
Project("{9A19103F-16F7-4668-BE54-9A1E7A4F7556}") = "InvestmentBuilderCore", "..\InvestmentBuilderCore\InvestmentBuilderCore.csproj", "{0D59E6D5-6ADF-44B9-9FC5-53715DEE4D1D}"
EndProject
Global
	GlobalSection(SolutionConfigurationPlatforms) = preSolution
		Debug|Any CPU = Debug|Any CPU
		Release|Any CPU = Release|Any CPU
	EndGlobalSection
	GlobalSection(ProjectConfigurationPlatforms) = postSolution
		{9D3E5FEF-56AA-450D-BF1E-FAA659994718}.Debug|Any CPU.ActiveCfg = Debug|Any CPU
		{9D3E5FEF-56AA-450D-BF1E-FAA659994718}.Debug|Any CPU.Build.0 = Debug|Any CPU
		{9D3E5FEF-56AA-450D-BF1E-FAA659994718}.Release|Any CPU.ActiveCfg = Release|Any CPU
		{9D3E5FEF-56AA-450D-BF1E-FAA659994718}.Release|Any CPU.Build.0 = Release|Any CPU
		{C4E6CECD-5FE1-4063-9C06-EA973E2EAAD3}.Debug|Any CPU.ActiveCfg = Debug|Any CPU
		{C4E6CECD-5FE1-4063-9C06-EA973E2EAAD3}.Debug|Any CPU.Build.0 = Debug|Any CPU
		{C4E6CECD-5FE1-4063-9C06-EA973E2EAAD3}.Release|Any CPU.ActiveCfg = Release|Any CPU
		{C4E6CECD-5FE1-4063-9C06-EA973E2EAAD3}.Release|Any CPU.Build.0 = Release|Any CPU
		{F8B7B21A-CAD6-421C-B55A-ECF4B9035A85}.Debug|Any CPU.ActiveCfg = Debug|Any CPU
		{F8B7B21A-CAD6-421C-B55A-ECF4B9035A85}.Debug|Any CPU.Build.0 = Debug|Any CPU
		{F8B7B21A-CAD6-421C-B55A-ECF4B9035A85}.Release|Any CPU.ActiveCfg = Release|Any CPU
		{F8B7B21A-CAD6-421C-B55A-ECF4B9035A85}.Release|Any CPU.Build.0 = Release|Any CPU
		{0D59E6D5-6ADF-44B9-9FC5-53715DEE4D1D}.Debug|Any CPU.ActiveCfg = Debug|Any CPU
		{0D59E6D5-6ADF-44B9-9FC5-53715DEE4D1D}.Debug|Any CPU.Build.0 = Debug|Any CPU
		{0D59E6D5-6ADF-44B9-9FC5-53715DEE4D1D}.Release|Any CPU.ActiveCfg = Release|Any CPU
		{0D59E6D5-6ADF-44B9-9FC5-53715DEE4D1D}.Release|Any CPU.Build.0 = Release|Any CPU
	EndGlobalSection
	GlobalSection(SolutionProperties) = preSolution
		HideSolutionNode = FALSE
	EndGlobalSection
	GlobalSection(ExtensibilityGlobals) = postSolution
		SolutionGuid = {06B5FD0B-6ACA-4D12-A9AB-545AAA014065}
	EndGlobalSection
EndGlobal
